
Microsoft Visual Studio Solution File, Format Version 12.00
# Visual Studio Version 16
VisualStudioVersion = 16.0.29613.14
MinimumVisualStudioVersion = 10.0.40219.1
Project("{2150E333-8FDC-42A3-9474-1A3956D46DE8}") = "Src", "Src", "{30031D36-A005-4AB7-B250-761DCEF92C7B}"
EndProject
Project("{2150E333-8FDC-42A3-9474-1A3956D46DE8}") = "Test", "Test", "{83B0A951-BFFB-4D94-81FA-CB1E707D1AA9}"
EndProject
Project("{FAE04EC0-301F-11D3-BF4B-00C04F79EFBC}") = "Peekage.ContactManagement.Domain.Tests.Unit", "Test\Peekage.ContactManagement.Domain.Tests.Unit\Peekage.ContactManagement.Domain.Tests.Unit.csproj", "{FE1CC019-002E-407A-AE34-3E68FD7BA574}"
EndProject
Project("{FAE04EC0-301F-11D3-BF4B-00C04F79EFBC}") = "Peekage.ContactManagement.Service", "Src\Peekage.ContactManagement.Service\Peekage.ContactManagement.Service.csproj", "{3511B122-ADAA-42F5-8D27-97391F82C487}"
EndProject
Global
	GlobalSection(SolutionConfigurationPlatforms) = preSolution
		Debug|Any CPU = Debug|Any CPU
		Release|Any CPU = Release|Any CPU
	EndGlobalSection
	GlobalSection(ProjectConfigurationPlatforms) = postSolution
		{FE1CC019-002E-407A-AE34-3E68FD7BA574}.Debug|Any CPU.ActiveCfg = Debug|Any CPU
		{FE1CC019-002E-407A-AE34-3E68FD7BA574}.Debug|Any CPU.Build.0 = Debug|Any CPU
		{FE1CC019-002E-407A-AE34-3E68FD7BA574}.Release|Any CPU.ActiveCfg = Release|Any CPU
		{FE1CC019-002E-407A-AE34-3E68FD7BA574}.Release|Any CPU.Build.0 = Release|Any CPU
		{3511B122-ADAA-42F5-8D27-97391F82C487}.Debug|Any CPU.ActiveCfg = Debug|Any CPU
		{3511B122-ADAA-42F5-8D27-97391F82C487}.Debug|Any CPU.Build.0 = Debug|Any CPU
		{3511B122-ADAA-42F5-8D27-97391F82C487}.Release|Any CPU.ActiveCfg = Release|Any CPU
		{3511B122-ADAA-42F5-8D27-97391F82C487}.Release|Any CPU.Build.0 = Release|Any CPU
	EndGlobalSection
	GlobalSection(SolutionProperties) = preSolution
		HideSolutionNode = FALSE
	EndGlobalSection
	GlobalSection(NestedProjects) = preSolution
		{FE1CC019-002E-407A-AE34-3E68FD7BA574} = {83B0A951-BFFB-4D94-81FA-CB1E707D1AA9}
		{3511B122-ADAA-42F5-8D27-97391F82C487} = {30031D36-A005-4AB7-B250-761DCEF92C7B}
	EndGlobalSection
	GlobalSection(ExtensibilityGlobals) = postSolution
		SolutionGuid = {2EC4CDF0-27A1-4088-B77A-FB07B72D3A40}
	EndGlobalSection
EndGlobal
